<?xml version="1.0" encoding="UTF-8" standalone="yes" ?>
<CodeBlocks_project_file>
	<FileVersion major="1" minor="6" />
	<Project>
		<Option title="delegation" />
		<Option pch_mode="2" />
		<Option compiler="gcc" />
		<Build>
			<Target title="Debug">
				<Option output="bin/Debug/delegation" prefix_auto="1" extension_auto="1" />
				<Option object_output="obj/Debug/" />
				<Option type="1" />
				<Option compiler="gcc" />
				<Compiler>
					<Add option="-g" />
				</Compiler>
			</Target>
			<Target title="Release">
				<Option output="bin/Release/delegation" prefix_auto="1" extension_auto="1" />
				<Option object_output="obj/Release/" />
				<Option type="1" />
				<Option compiler="gcc" />
				<Compiler>
					<Add option="-O2" />
				</Compiler>
				<Linker>
					<Add option="-s" />
				</Linker>
			</Target>
		</Build>
		<Compiler>
			<Add option="-Wall" />
			<Add option="-fexceptions" />
		</Compiler>
		<Unit filename="Agent.hh">
			<Option target="&lt;{~None~}&gt;" />
		</Unit>
		<Unit filename="Departement.hh">
			<Option target="&lt;{~None~}&gt;" />
		</Unit>
		<Unit filename="Region.hh">
			<Option target="&lt;{~None~}&gt;" />
		</Unit>
		<Unit filename="agent.cpp">
			<Option target="&lt;{~None~}&gt;" />
		</Unit>
		<Unit filename="departement.cpp">
			<Option target="&lt;{~None~}&gt;" />
		</Unit>
		<Unit filename="main.cpp" />
		<Unit filename="question_de_reflexions.txt" />
		<Unit filename="region.cpp">
			<Option target="&lt;{~None~}&gt;" />
		</Unit>
		<Extensions />
	</Project>
</CodeBlocks_project_file>
